// !$*UTF8*$!
{
	archiveVersion = 1;
	classes = {
	};
	objectVersion = 53;
	objects = {

/* Begin PBXBuildFile section */
		6E85DB1328BA9D9C0051E4EF /* UIStarRating.h in Headers */ = {isa = PBXBuildFile; fileRef = 6E85DB1228BA9D9C0051E4EF /* UIStarRating.h */; settings = {ATTRIBUTES = (Public, ); }; };
		6E85DB2028BA9E240051E4EF /* AppDelegate.swift in Sources */ = {isa = PBXBuildFile; fileRef = 6E85DB1F28BA9E240051E4EF /* AppDelegate.swift */; };
		6E85DB2228BA9E240051E4EF /* SceneDelegate.swift in Sources */ = {isa = PBXBuildFile; fileRef = 6E85DB2128BA9E240051E4EF /* SceneDelegate.swift */; };
		6E85DB2428BA9E240051E4EF /* ViewController.swift in Sources */ = {isa = PBXBuildFile; fileRef = 6E85DB2328BA9E240051E4EF /* ViewController.swift */; };
		6E85DB2728BA9E240051E4EF /* Main.storyboard in Resources */ = {isa = PBXBuildFile; fileRef = 6E85DB2528BA9E240051E4EF /* Main.storyboard */; };
		6E85DB2928BA9E250051E4EF /* Assets.xcassets in Resources */ = {isa = PBXBuildFile; fileRef = 6E85DB2828BA9E250051E4EF /* Assets.xcassets */; };
		6E85DB2C28BA9E250051E4EF /* LaunchScreen.storyboard in Resources */ = {isa = PBXBuildFile; fileRef = 6E85DB2A28BA9E250051E4EF /* LaunchScreen.storyboard */; };
		6E85DB3328BA9E860051E4EF /* StarRatingControl.swift in Sources */ = {isa = PBXBuildFile; fileRef = 6E85DB3228BA9E860051E4EF /* StarRatingControl.swift */; };
		6E85DB3528BA9F650051E4EF /* StarRatingView.swift in Sources */ = {isa = PBXBuildFile; fileRef = 6E85DB3428BA9F650051E4EF /* StarRatingView.swift */; };
		6E85DB3728BAA1240051E4EF /* UIStarRating.framework in Frameworks */ = {isa = PBXBuildFile; fileRef = 6E85DB0F28BA9D9C0051E4EF /* UIStarRating.framework */; platformFilter = ios; };
		6E85DB3828BAA1240051E4EF /* UIStarRating.framework in Embed Frameworks */ = {isa = PBXBuildFile; fileRef = 6E85DB0F28BA9D9C0051E4EF /* UIStarRating.framework */; settings = {ATTRIBUTES = (CodeSignOnCopy, RemoveHeadersOnCopy, ); }; };
		6E85DB3E28BAAAD50051E4EF /* UIStackView+RemoveAllArrangedSubviews+Extension.swift in Sources */ = {isa = PBXBuildFile; fileRef = 6E85DB3D28BAAAD50051E4EF /* UIStackView+RemoveAllArrangedSubviews+Extension.swift */; };
/* End PBXBuildFile section */

/* Begin PBXContainerItemProxy section */
		6E85DB3928BAA1240051E4EF /* PBXContainerItemProxy */ = {
			isa = PBXContainerItemProxy;
			containerPortal = 6E85DB0628BA9D9C0051E4EF /* Project object */;
			proxyType = 1;
			remoteGlobalIDString = 6E85DB0E28BA9D9C0051E4EF;
			remoteInfo = UIStarRating;
		};
/* End PBXContainerItemProxy section */

/* Begin PBXCopyFilesBuildPhase section */
		6E85DB3B28BAA1240051E4EF /* Embed Frameworks */ = {
			isa = PBXCopyFilesBuildPhase;
			buildActionMask = 2147483647;
			dstPath = "";
			dstSubfolderSpec = 10;
			files = (
				6E85DB3828BAA1240051E4EF /* UIStarRating.framework in Embed Frameworks */,
			);
			name = "Embed Frameworks";
			runOnlyForDeploymentPostprocessing = 0;
		};
/* End PBXCopyFilesBuildPhase section */

/* Begin PBXFileReference section */
		6E85DB0F28BA9D9C0051E4EF /* UIStarRating.framework */ = {isa = PBXFileReference; explicitFileType = wrapper.framework; includeInIndex = 0; path = UIStarRating.framework; sourceTree = BUILT_PRODUCTS_DIR; };
		6E85DB1228BA9D9C0051E4EF /* UIStarRating.h */ = {isa = PBXFileReference; lastKnownFileType = sourcecode.c.h; path = UIStarRating.h; sourceTree = "<group>"; };
		6E85DB1D28BA9E240051E4EF /* SampleApp.app */ = {isa = PBXFileReference; explicitFileType = wrapper.application; includeInIndex = 0; path = SampleApp.app; sourceTree = BUILT_PRODUCTS_DIR; };
		6E85DB1F28BA9E240051E4EF /* AppDelegate.swift */ = {isa = PBXFileReference; lastKnownFileType = sourcecode.swift; path = AppDelegate.swift; sourceTree = "<group>"; };
		6E85DB2128BA9E240051E4EF /* SceneDelegate.swift */ = {isa = PBXFileReference; lastKnownFileType = sourcecode.swift; path = SceneDelegate.swift; sourceTree = "<group>"; };
		6E85DB2328BA9E240051E4EF /* ViewController.swift */ = {isa = PBXFileReference; lastKnownFileType = sourcecode.swift; path = ViewController.swift; sourceTree = "<group>"; };
		6E85DB2628BA9E240051E4EF /* Base */ = {isa = PBXFileReference; lastKnownFileType = file.storyboard; name = Base; path = Base.lproj/Main.storyboard; sourceTree = "<group>"; };
		6E85DB2828BA9E250051E4EF /* Assets.xcassets */ = {isa = PBXFileReference; lastKnownFileType = folder.assetcatalog; path = Assets.xcassets; sourceTree = "<group>"; };
		6E85DB2B28BA9E250051E4EF /* Base */ = {isa = PBXFileReference; lastKnownFileType = file.storyboard; name = Base; path = Base.lproj/LaunchScreen.storyboard; sourceTree = "<group>"; };
		6E85DB2D28BA9E250051E4EF /* Info.plist */ = {isa = PBXFileReference; lastKnownFileType = text.plist.xml; path = Info.plist; sourceTree = "<group>"; };
		6E85DB3228BA9E860051E4EF /* StarRatingControl.swift */ = {isa = PBXFileReference; lastKnownFileType = sourcecode.swift; path = StarRatingControl.swift; sourceTree = "<group>"; };
		6E85DB3428BA9F650051E4EF /* StarRatingView.swift */ = {isa = PBXFileReference; lastKnownFileType = sourcecode.swift; path = StarRatingView.swift; sourceTree = "<group>"; };
		6E85DB3D28BAAAD50051E4EF /* UIStackView+RemoveAllArrangedSubviews+Extension.swift */ = {isa = PBXFileReference; lastKnownFileType = sourcecode.swift; path = "UIStackView+RemoveAllArrangedSubviews+Extension.swift"; sourceTree = "<group>"; };
/* End PBXFileReference section */

/* Begin PBXFrameworksBuildPhase section */
		6E85DB0C28BA9D9C0051E4EF /* Frameworks */ = {
			isa = PBXFrameworksBuildPhase;
			buildActionMask = 2147483647;
			files = (
			);
			runOnlyForDeploymentPostprocessing = 0;
		};
		6E85DB1A28BA9E240051E4EF /* Frameworks */ = {
			isa = PBXFrameworksBuildPhase;
			buildActionMask = 2147483647;
			files = (
				6E85DB3728BAA1240051E4EF /* UIStarRating.framework in Frameworks */,
			);
			runOnlyForDeploymentPostprocessing = 0;
		};
/* End PBXFrameworksBuildPhase section */

/* Begin PBXGroup section */
		6E85DB0528BA9D9C0051E4EF = {
			isa = PBXGroup;
			children = (
				6E85DB1128BA9D9C0051E4EF /* UIStarRating */,
				6E85DB1E28BA9E240051E4EF /* SampleApp */,
				6E85DB1028BA9D9C0051E4EF /* Products */,
				6E85DB3628BAA1240051E4EF /* Frameworks */,
			);
			sourceTree = "<group>";
		};
		6E85DB1028BA9D9C0051E4EF /* Products */ = {
			isa = PBXGroup;
			children = (
				6E85DB0F28BA9D9C0051E4EF /* UIStarRating.framework */,
				6E85DB1D28BA9E240051E4EF /* SampleApp.app */,
			);
			name = Products;
			sourceTree = "<group>";
		};
		6E85DB1128BA9D9C0051E4EF /* UIStarRating */ = {
			isa = PBXGroup;
			children = (
				6E85DB1228BA9D9C0051E4EF /* UIStarRating.h */,
				6E85DB3128BA9E6C0051E4EF /* Core */,
			);
			path = UIStarRating;
			sourceTree = "<group>";
		};
		6E85DB1E28BA9E240051E4EF /* SampleApp */ = {
			isa = PBXGroup;
			children = (
				6E85DB1F28BA9E240051E4EF /* AppDelegate.swift */,
				6E85DB2128BA9E240051E4EF /* SceneDelegate.swift */,
				6E85DB2328BA9E240051E4EF /* ViewController.swift */,
				6E85DB2528BA9E240051E4EF /* Main.storyboard */,
				6E85DB2828BA9E250051E4EF /* Assets.xcassets */,
				6E85DB2A28BA9E250051E4EF /* LaunchScreen.storyboard */,
				6E85DB2D28BA9E250051E4EF /* Info.plist */,
			);
			path = SampleApp;
			sourceTree = "<group>";
		};
		6E85DB3128BA9E6C0051E4EF /* Core */ = {
			isa = PBXGroup;
			children = (
				6E85DB3C28BAAACB0051E4EF /* Utils */,
				6E85DB3228BA9E860051E4EF /* StarRatingControl.swift */,
				6E85DB3428BA9F650051E4EF /* StarRatingView.swift */,
			);
			path = Core;
			sourceTree = "<group>";
		};
		6E85DB3628BAA1240051E4EF /* Frameworks */ = {
			isa = PBXGroup;
			children = (
			);
			name = Frameworks;
			sourceTree = "<group>";
		};
		6E85DB3C28BAAACB0051E4EF /* Utils */ = {
			isa = PBXGroup;
			children = (
				6E85DB3D28BAAAD50051E4EF /* UIStackView+RemoveAllArrangedSubviews+Extension.swift */,
			);
			path = Utils;
			sourceTree = "<group>";
		};
/* End PBXGroup section */

/* Begin PBXHeadersBuildPhase section */
		6E85DB0A28BA9D9C0051E4EF /* Headers */ = {
			isa = PBXHeadersBuildPhase;
			buildActionMask = 2147483647;
			files = (
				6E85DB1328BA9D9C0051E4EF /* UIStarRating.h in Headers */,
			);
			runOnlyForDeploymentPostprocessing = 0;
		};
/* End PBXHeadersBuildPhase section */

/* Begin PBXNativeTarget section */
		6E85DB0E28BA9D9C0051E4EF /* UIStarRating */ = {
			isa = PBXNativeTarget;
			buildConfigurationList = 6E85DB1628BA9D9C0051E4EF /* Build configuration list for PBXNativeTarget "UIStarRating" */;
			buildPhases = (
				6E85DB0A28BA9D9C0051E4EF /* Headers */,
				6E85DB0B28BA9D9C0051E4EF /* Sources */,
				6E85DB0C28BA9D9C0051E4EF /* Frameworks */,
				6E85DB0D28BA9D9C0051E4EF /* Resources */,
			);
			buildRules = (
			);
			dependencies = (
			);
			name = UIStarRating;
			productName = UIStarRating;
			productReference = 6E85DB0F28BA9D9C0051E4EF /* UIStarRating.framework */;
			productType = "com.apple.product-type.framework";
		};
		6E85DB1C28BA9E240051E4EF /* SampleApp */ = {
			isa = PBXNativeTarget;
			buildConfigurationList = 6E85DB2E28BA9E250051E4EF /* Build configuration list for PBXNativeTarget "SampleApp" */;
			buildPhases = (
				6E85DB1928BA9E240051E4EF /* Sources */,
				6E85DB1A28BA9E240051E4EF /* Frameworks */,
				6E85DB1B28BA9E240051E4EF /* Resources */,
				6E85DB3B28BAA1240051E4EF /* Embed Frameworks */,
			);
			buildRules = (
			);
			dependencies = (
				6E85DB3A28BAA1240051E4EF /* PBXTargetDependency */,
			);
			name = SampleApp;
			productName = SampleApp;
			productReference = 6E85DB1D28BA9E240051E4EF /* SampleApp.app */;
			productType = "com.apple.product-type.application";
		};
/* End PBXNativeTarget section */

/* Begin PBXProject section */
		6E85DB0628BA9D9C0051E4EF /* Project object */ = {
			isa = PBXProject;
			attributes = {
				BuildIndependentTargetsInParallel = 1;
				LastSwiftUpdateCheck = 1340;
				LastUpgradeCheck = 1340;
				TargetAttributes = {
					6E85DB0E28BA9D9C0051E4EF = {
						CreatedOnToolsVersion = 13.4.1;
						LastSwiftMigration = 1340;
					};
					6E85DB1C28BA9E240051E4EF = {
						CreatedOnToolsVersion = 13.4.1;
					};
				};
			};
			buildConfigurationList = 6E85DB0928BA9D9C0051E4EF /* Build configuration list for PBXProject "UIStarRating" */;
			compatibilityVersion = "Xcode 9.3";
			developmentRegion = en;
			hasScannedForEncodings = 0;
			knownRegions = (
				en,
				Base,
			);
			mainGroup = 6E85DB0528BA9D9C0051E4EF;
			productRefGroup = 6E85DB1028BA9D9C0051E4EF /* Products */;
			projectDirPath = "";
			projectRoot = "";
			targets = (
				6E85DB0E28BA9D9C0051E4EF /* UIStarRating */,
				6E85DB1C28BA9E240051E4EF /* SampleApp */,
			);
		};
/* End PBXProject section */

/* Begin PBXResourcesBuildPhase section */
		6E85DB0D28BA9D9C0051E4EF /* Resources */ = {
			isa = PBXResourcesBuildPhase;
			buildActionMask = 2147483647;
			files = (
			);
			runOnlyForDeploymentPostprocessing = 0;
		};
		6E85DB1B28BA9E240051E4EF /* Resources */ = {
			isa = PBXResourcesBuildPhase;
			buildActionMask = 2147483647;
			files = (
				6E85DB2C28BA9E250051E4EF /* LaunchScreen.storyboard in Resources */,
				6E85DB2928BA9E250051E4EF /* Assets.xcassets in Resources */,
				6E85DB2728BA9E240051E4EF /* Main.storyboard in Resources */,
			);
			runOnlyForDeploymentPostprocessing = 0;
		};
/* End PBXResourcesBuildPhase section */

/* Begin PBXSourcesBuildPhase section */
		6E85DB0B28BA9D9C0051E4EF /* Sources */ = {
			isa = PBXSourcesBuildPhase;
			buildActionMask = 2147483647;
			files = (
				6E85DB3328BA9E860051E4EF /* StarRatingControl.swift in Sources */,
				6E85DB3528BA9F650051E4EF /* StarRatingView.swift in Sources */,
				6E85DB3E28BAAAD50051E4EF /* UIStackView+RemoveAllArrangedSubviews+Extension.swift in Sources */,
			);
			runOnlyForDeploymentPostprocessing = 0;
		};
		6E85DB1928BA9E240051E4EF /* Sources */ = {
			isa = PBXSourcesBuildPhase;
			buildActionMask = 2147483647;
			files = (
				6E85DB2428BA9E240051E4EF /* ViewController.swift in Sources */,
				6E85DB2028BA9E240051E4EF /* AppDelegate.swift in Sources */,
				6E85DB2228BA9E240051E4EF /* SceneDelegate.swift in Sources */,
			);
			runOnlyForDeploymentPostprocessing = 0;
		};
/* End PBXSourcesBuildPhase section */

/* Begin PBXTargetDependency section */
		6E85DB3A28BAA1240051E4EF /* PBXTargetDependency */ = {
			isa = PBXTargetDependency;
			platformFilter = ios;
			target = 6E85DB0E28BA9D9C0051E4EF /* UIStarRating */;
			targetProxy = 6E85DB3928BAA1240051E4EF /* PBXContainerItemProxy */;
		};
/* End PBXTargetDependency section */

/* Begin PBXVariantGroup section */
		6E85DB2528BA9E240051E4EF /* Main.storyboard */ = {
			isa = PBXVariantGroup;
			children = (
				6E85DB2628BA9E240051E4EF /* Base */,
			);
			name = Main.storyboard;
			sourceTree = "<group>";
		};
		6E85DB2A28BA9E250051E4EF /* LaunchScreen.storyboard */ = {
			isa = PBXVariantGroup;
			children = (
				6E85DB2B28BA9E250051E4EF /* Base */,
			);
			name = LaunchScreen.storyboard;
			sourceTree = "<group>";
		};
/* End PBXVariantGroup section */

/* Begin XCBuildConfiguration section */
		6E85DB1428BA9D9C0051E4EF /* Debug */ = {
			isa = XCBuildConfiguration;
			buildSettings = {
				ALWAYS_SEARCH_USER_PATHS = NO;
				CLANG_ANALYZER_NONNULL = YES;
				CLANG_ANALYZER_NUMBER_OBJECT_CONVERSION = YES_AGGRESSIVE;
				CLANG_CXX_LANGUAGE_STANDARD = "gnu++17";
				CLANG_ENABLE_MODULES = YES;
				CLANG_ENABLE_OBJC_ARC = YES;
				CLANG_ENABLE_OBJC_WEAK = YES;
				CLANG_WARN_BLOCK_CAPTURE_AUTORELEASING = YES;
				CLANG_WARN_BOOL_CONVERSION = YES;
				CLANG_WARN_COMMA = YES;
				CLANG_WARN_CONSTANT_CONVERSION = YES;
				CLANG_WARN_DEPRECATED_OBJC_IMPLEMENTATIONS = YES;
				CLANG_WARN_DIRECT_OBJC_ISA_USAGE = YES_ERROR;
				CLANG_WARN_DOCUMENTATION_COMMENTS = YES;
				CLANG_WARN_EMPTY_BODY = YES;
				CLANG_WARN_ENUM_CONVERSION = YES;
				CLANG_WARN_INFINITE_RECURSION = YES;
				CLANG_WARN_INT_CONVERSION = YES;
				CLANG_WARN_NON_LITERAL_NULL_CONVERSION = YES;
				CLANG_WARN_OBJC_IMPLICIT_RETAIN_SELF = YES;
				CLANG_WARN_OBJC_LITERAL_CONVERSION = YES;
				CLANG_WARN_OBJC_ROOT_CLASS = YES_ERROR;
				CLANG_WARN_QUOTED_INCLUDE_IN_FRAMEWORK_HEADER = YES;
				CLANG_WARN_RANGE_LOOP_ANALYSIS = YES;
				CLANG_WARN_STRICT_PROTOTYPES = YES;
				CLANG_WARN_SUSPICIOUS_MOVE = YES;
				CLANG_WARN_UNGUARDED_AVAILABILITY = YES_AGGRESSIVE;
				CLANG_WARN_UNREACHABLE_CODE = YES;
				CLANG_WARN__DUPLICATE_METHOD_MATCH = YES;
				COPY_PHASE_STRIP = NO;
				CURRENT_PROJECT_VERSION = 1;
				DEBUG_INFORMATION_FORMAT = dwarf;
				ENABLE_STRICT_OBJC_MSGSEND = YES;
				ENABLE_TESTABILITY = YES;
				GCC_C_LANGUAGE_STANDARD = gnu11;
				GCC_DYNAMIC_NO_PIC = NO;
				GCC_NO_COMMON_BLOCKS = YES;
				GCC_OPTIMIZATION_LEVEL = 0;
				GCC_PREPROCESSOR_DEFINITIONS = (
					"DEBUG=1",
					"$(inherited)",
				);
				GCC_WARN_64_TO_32_BIT_CONVERSION = YES;
				GCC_WARN_ABOUT_RETURN_TYPE = YES_ERROR;
				GCC_WARN_UNDECLARED_SELECTOR = YES;
				GCC_WARN_UNINITIALIZED_AUTOS = YES_AGGRESSIVE;
				GCC_WARN_UNUSED_FUNCTION = YES;
				GCC_WARN_UNUSED_VARIABLE = YES;
				IPHONEOS_DEPLOYMENT_TARGET = 15.5;
				MTL_ENABLE_DEBUG_INFO = INCLUDE_SOURCE;
				MTL_FAST_MATH = YES;
				ONLY_ACTIVE_ARCH = YES;
				SDKROOT = iphoneos;
				SWIFT_ACTIVE_COMPILATION_CONDITIONS = DEBUG;
				SWIFT_OPTIMIZATION_LEVEL = "-Onone";
				VERSIONING_SYSTEM = "apple-generic";
				VERSION_INFO_PREFIX = "";
			};
			name = Debug;
		};
		6E85DB1528BA9D9C0051E4EF /* Release */ = {
			isa = XCBuildConfiguration;
			buildSettings = {
				ALWAYS_SEARCH_USER_PATHS = NO;
				CLANG_ANALYZER_NONNULL = YES;
				CLANG_ANALYZER_NUMBER_OBJECT_CONVERSION = YES_AGGRESSIVE;
				CLANG_CXX_LANGUAGE_STANDARD = "gnu++17";
				CLANG_ENABLE_MODULES = YES;
				CLANG_ENABLE_OBJC_ARC = YES;
				CLANG_ENABLE_OBJC_WEAK = YES;
				CLANG_WARN_BLOCK_CAPTURE_AUTORELEASING = YES;
				CLANG_WARN_BOOL_CONVERSION = YES;
				CLANG_WARN_COMMA = YES;
				CLANG_WARN_CONSTANT_CONVERSION = YES;
				CLANG_WARN_DEPRECATED_OBJC_IMPLEMENTATIONS = YES;
				CLANG_WARN_DIRECT_OBJC_ISA_USAGE = YES_ERROR;
				CLANG_WARN_DOCUMENTATION_COMMENTS = YES;
				CLANG_WARN_EMPTY_BODY = YES;
				CLANG_WARN_ENUM_CONVERSION = YES;
				CLANG_WARN_INFINITE_RECURSION = YES;
				CLANG_WARN_INT_CONVERSION = YES;
				CLANG_WARN_NON_LITERAL_NULL_CONVERSION = YES;
				CLANG_WARN_OBJC_IMPLICIT_RETAIN_SELF = YES;
				CLANG_WARN_OBJC_LITERAL_CONVERSION = YES;
				CLANG_WARN_OBJC_ROOT_CLASS = YES_ERROR;
				CLANG_WARN_QUOTED_INCLUDE_IN_FRAMEWORK_HEADER = YES;
				CLANG_WARN_RANGE_LOOP_ANALYSIS = YES;
				CLANG_WARN_STRICT_PROTOTYPES = YES;
				CLANG_WARN_SUSPICIOUS_MOVE = YES;
				CLANG_WARN_UNGUARDED_AVAILABILITY = YES_AGGRESSIVE;
				CLANG_WARN_UNREACHABLE_CODE = YES;
				CLANG_WARN__DUPLICATE_METHOD_MATCH = YES;
				COPY_PHASE_STRIP = NO;
				CURRENT_PROJECT_VERSION = 1;
				DEBUG_INFORMATION_FORMAT = "dwarf-with-dsym";
				ENABLE_NS_ASSERTIONS = NO;
				ENABLE_STRICT_OBJC_MSGSEND = YES;
				GCC_C_LANGUAGE_STANDARD = gnu11;
				GCC_NO_COMMON_BLOCKS = YES;
				GCC_WARN_64_TO_32_BIT_CONVERSION = YES;
				GCC_WARN_ABOUT_RETURN_TYPE = YES_ERROR;
				GCC_WARN_UNDECLARED_SELECTOR = YES;
				GCC_WARN_UNINITIALIZED_AUTOS = YES_AGGRESSIVE;
				GCC_WARN_UNUSED_FUNCTION = YES;
				GCC_WARN_UNUSED_VARIABLE = YES;
				IPHONEOS_DEPLOYMENT_TARGET = 15.5;
				MTL_ENABLE_DEBUG_INFO = NO;
				MTL_FAST_MATH = YES;
				SDKROOT = iphoneos;
				SWIFT_COMPILATION_MODE = wholemodule;
				SWIFT_OPTIMIZATION_LEVEL = "-O";
				VALIDATE_PRODUCT = YES;
				VERSIONING_SYSTEM = "apple-generic";
				VERSION_INFO_PREFIX = "";
			};
			name = Release;
		};
		6E85DB1728BA9D9C0051E4EF /* Debug */ = {
			isa = XCBuildConfiguration;
			buildSettings = {
				CLANG_ENABLE_MODULES = YES;
				CODE_SIGN_STYLE = Automatic;
				CURRENT_PROJECT_VERSION = 1;
				DEFINES_MODULE = YES;
				DYLIB_COMPATIBILITY_VERSION = 1;
				DYLIB_CURRENT_VERSION = 1;
				DYLIB_INSTALL_NAME_BASE = "@rpath";
				GENERATE_INFOPLIST_FILE = YES;
				INFOPLIST_KEY_NSHumanReadableCopyright = "";
				INSTALL_PATH = "$(LOCAL_LIBRARY_DIR)/Frameworks";
				IPHONEOS_DEPLOYMENT_TARGET = 13.0;
				LD_RUNPATH_SEARCH_PATHS = (
					"$(inherited)",
					"@executable_path/Frameworks",
					"@loader_path/Frameworks",
				);
				MARKETING_VERSION = 1.0;
				PRODUCT_BUNDLE_IDENTIFIER = com.UIStarRating;
				PRODUCT_NAME = "$(TARGET_NAME:c99extidentifier)";
				SKIP_INSTALL = YES;
				SUPPORTS_MACCATALYST = NO;
				SWIFT_EMIT_LOC_STRINGS = YES;
				SWIFT_OPTIMIZATION_LEVEL = "-Onone";
				SWIFT_VERSION = 5.0;
				TARGETED_DEVICE_FAMILY = 1;
			};
			name = Debug;
		};
		6E85DB1828BA9D9C0051E4EF /* Release */ = {
			isa = XCBuildConfiguration;
			buildSettings = {
				CLANG_ENABLE_MODULES = YES;
				CODE_SIGN_STYLE = Automatic;
				CURRENT_PROJECT_VERSION = 1;
				DEFINES_MODULE = YES;
				DYLIB_COMPATIBILITY_VERSION = 1;
				DYLIB_CURRENT_VERSION = 1;
				DYLIB_INSTALL_NAME_BASE = "@rpath";
				GENERATE_INFOPLIST_FILE = YES;
				INFOPLIST_KEY_NSHumanReadableCopyright = "";
				INSTALL_PATH = "$(LOCAL_LIBRARY_DIR)/Frameworks";
				IPHONEOS_DEPLOYMENT_TARGET = 13.0;
				LD_RUNPATH_SEARCH_PATHS = (
					"$(inherited)",
					"@executable_path/Frameworks",
					"@loader_path/Frameworks",
				);
				MARKETING_VERSION = 1.0;
				PRODUCT_BUNDLE_IDENTIFIER = com.UIStarRating;
				PRODUCT_NAME = "$(TARGET_NAME:c99extidentifier)";
				SKIP_INSTALL = YES;
				SUPPORTS_MACCATALYST = NO;
				SWIFT_EMIT_LOC_STRINGS = YES;
				SWIFT_VERSION = 5.0;
				TARGETED_DEVICE_FAMILY = 1;
			};
			name = Release;
		};
		6E85DB2F28BA9E250051E4EF /* Debug */ = {
			isa = XCBuildConfiguration;
			buildSettings = {
				ASSETCATALOG_COMPILER_APPICON_NAME = AppIcon;
				ASSETCATALOG_COMPILER_GLOBAL_ACCENT_COLOR_NAME = AccentColor;
				CODE_SIGN_STYLE = Automatic;
				CURRENT_PROJECT_VERSION = 1;
				GENERATE_INFOPLIST_FILE = YES;
				INFOPLIST_FILE = SampleApp/Info.plist;
				INFOPLIST_KEY_UIApplicationSupportsIndirectInputEvents = YES;
				INFOPLIST_KEY_UILaunchStoryboardName = LaunchScreen;
				INFOPLIST_KEY_UIMainStoryboardFile = Main;
				INFOPLIST_KEY_UISupportedInterfaceOrientations_iPad = "UIInterfaceOrientationPortrait UIInterfaceOrientationPortraitUpsideDown UIInterfaceOrientationLandscapeLeft UIInterfaceOrientationLandscapeRight";
				INFOPLIST_KEY_UISupportedInterfaceOrientations_iPhone = "UIInterfaceOrientationPortrait UIInterfaceOrientationLandscapeLeft UIInterfaceOrientationLandscapeRight";
				IPHONEOS_DEPLOYMENT_TARGET = 13.0;
				LD_RUNPATH_SEARCH_PATHS = (
					"$(inherited)",
					"@executable_path/Frameworks",
				);
				MARKETING_VERSION = 1.0;
				PRODUCT_BUNDLE_IDENTIFIER = com.SampleApp;
				PRODUCT_NAME = "$(TARGET_NAME)";
				SWIFT_EMIT_LOC_STRINGS = YES;
				SWIFT_VERSION = 5.0;
				TARGETED_DEVICE_FAMILY = 1;
			};
			name = Debug;
		};
		6E85DB3028BA9E250051E4EF /* Release */ = {
			isa = XCBuildConfiguration;
			buildSettings = {
				ASSETCATALOG_COMPILER_APPICON_NAME = AppIcon;
				ASSETCATALOG_COMPILER_GLOBAL_ACCENT_COLOR_NAME = AccentColor;
				CODE_SIGN_STYLE = Automatic;
				CURRENT_PROJECT_VERSION = 1;
				GENERATE_INFOPLIST_FILE = YES;
				INFOPLIST_FILE = SampleApp/Info.plist;
				INFOPLIST_KEY_UIApplicationSupportsIndirectInputEvents = YES;
				INFOPLIST_KEY_UILaunchStoryboardName = LaunchScreen;
				INFOPLIST_KEY_UIMainStoryboardFile = Main;
				INFOPLIST_KEY_UISupportedInterfaceOrientations_iPad = "UIInterfaceOrientationPortrait UIInterfaceOrientationPortraitUpsideDown UIInterfaceOrientationLandscapeLeft UIInterfaceOrientationLandscapeRight";
				INFOPLIST_KEY_UISupportedInterfaceOrientations_iPhone = "UIInterfaceOrientationPortrait UIInterfaceOrientationLandscapeLeft UIInterfaceOrientationLandscapeRight";
				IPHONEOS_DEPLOYMENT_TARGET = 13.0;
				LD_RUNPATH_SEARCH_PATHS = (
					"$(inherited)",
					"@executable_path/Frameworks",
				);
				MARKETING_VERSION = 1.0;
				PRODUCT_BUNDLE_IDENTIFIER = com.SampleApp;
				PRODUCT_NAME = "$(TARGET_NAME)";
				SWIFT_EMIT_LOC_STRINGS = YES;
				SWIFT_VERSION = 5.0;
				TARGETED_DEVICE_FAMILY = 1;
			};
			name = Release;
		};
/* End XCBuildConfiguration section */

/* Begin XCConfigurationList section */
		6E85DB0928BA9D9C0051E4EF /* Build configuration list for PBXProject "UIStarRating" */ = {
			isa = XCConfigurationList;
			buildConfigurations = (
				6E85DB1428BA9D9C0051E4EF /* Debug */,
				6E85DB1528BA9D9C0051E4EF /* Release */,
			);
			defaultConfigurationIsVisible = 0;
			defaultConfigurationName = Release;
		};
		6E85DB1628BA9D9C0051E4EF /* Build configuration list for PBXNativeTarget "UIStarRating" */ = {
			isa = XCConfigurationList;
			buildConfigurations = (
				6E85DB1728BA9D9C0051E4EF /* Debug */,
				6E85DB1828BA9D9C0051E4EF /* Release */,
			);
			defaultConfigurationIsVisible = 0;
			defaultConfigurationName = Release;
		};
		6E85DB2E28BA9E250051E4EF /* Build configuration list for PBXNativeTarget "SampleApp" */ = {
			isa = XCConfigurationList;
			buildConfigurations = (
				6E85DB2F28BA9E250051E4EF /* Debug */,
				6E85DB3028BA9E250051E4EF /* Release */,
			);
			defaultConfigurationIsVisible = 0;
			defaultConfigurationName = Release;
		};
/* End XCConfigurationList section */
	};
	rootObject = 6E85DB0628BA9D9C0051E4EF /* Project object */;
}
